{
  "requires": true,
  "lockfileVersion": 1,
  "dependencies": {
    "luamin": {
      "version": "git+https://github.com/FATH-Mechatronics/luamin.git#d7359250cf28ab617ba5e43d1fda6ec411b1f9f7",
      "from": "git+https://github.com/FATH-Mechatronics/luamin.git",
      "requires": {
        "luaparse": "^0.2.1"
      }
    },
    "luaparse": {
      "version": "0.2.1",
      "resolved": "https://registry.npmjs.org/luaparse/-/luaparse-0.2.1.tgz",
      "integrity": "sha1-qo9WEysN6X0388mRqd9C4OF/ZWw="
    }
  }
}
